// !$*UTF8*$!
{
	archiveVersion = 1;
	classes = {
	};
	objectVersion = 50;
	objects = {

/* Begin PBXBuildFile section */
		A11DFAB8236760F00096418E /* AppDelegate.swift in Sources */ = {isa = PBXBuildFile; fileRef = A11DFAB7236760F00096418E /* AppDelegate.swift */; };
		A11DFABA236760F00096418E /* SceneDelegate.swift in Sources */ = {isa = PBXBuildFile; fileRef = A11DFAB9236760F00096418E /* SceneDelegate.swift */; };
		A11DFABC236760F00096418E /* ViewController.swift in Sources */ = {isa = PBXBuildFile; fileRef = A11DFABB236760F00096418E /* ViewController.swift */; };
		A11DFABF236760F00096418E /* Main.storyboard in Resources */ = {isa = PBXBuildFile; fileRef = A11DFABD236760F00096418E /* Main.storyboard */; };
		A11DFAC1236760F40096418E /* Assets.xcassets in Resources */ = {isa = PBXBuildFile; fileRef = A11DFAC0236760F40096418E /* Assets.xcassets */; };
		A11DFAC4236760F40096418E /* LaunchScreen.storyboard in Resources */ = {isa = PBXBuildFile; fileRef = A11DFAC2236760F40096418E /* LaunchScreen.storyboard */; };
		A11DFADA2367610C0096418E /* Functions.swift in Sources */ = {isa = PBXBuildFile; fileRef = A11DFAD92367610C0096418E /* Functions.swift */; };
		A11DFADC2367611A0096418E /* UIFunctions.swift in Sources */ = {isa = PBXBuildFile; fileRef = A11DFADB2367611A0096418E /* UIFunctions.swift */; };
/* End PBXBuildFile section */

/* Begin PBXFileReference section */
		A11DFAB4236760F00096418E /* FunctionalUI.app */ = {isa = PBXFileReference; explicitFileType = wrapper.application; includeInIndex = 0; path = FunctionalUI.app; sourceTree = BUILT_PRODUCTS_DIR; };
		A11DFAB7236760F00096418E /* AppDelegate.swift */ = {isa = PBXFileReference; lastKnownFileType = sourcecode.swift; path = AppDelegate.swift; sourceTree = "<group>"; };
		A11DFAB9236760F00096418E /* SceneDelegate.swift */ = {isa = PBXFileReference; lastKnownFileType = sourcecode.swift; path = SceneDelegate.swift; sourceTree = "<group>"; };
		A11DFABB236760F00096418E /* ViewController.swift */ = {isa = PBXFileReference; lastKnownFileType = sourcecode.swift; path = ViewController.swift; sourceTree = "<group>"; };
		A11DFABE236760F00096418E /* Base */ = {isa = PBXFileReference; lastKnownFileType = file.storyboard; name = Base; path = Base.lproj/Main.storyboard; sourceTree = "<group>"; };
		A11DFAC0236760F40096418E /* Assets.xcassets */ = {isa = PBXFileReference; lastKnownFileType = folder.assetcatalog; path = Assets.xcassets; sourceTree = "<group>"; };
		A11DFAC3236760F40096418E /* Base */ = {isa = PBXFileReference; lastKnownFileType = file.storyboard; name = Base; path = Base.lproj/LaunchScreen.storyboard; sourceTree = "<group>"; };
		A11DFAC5236760F40096418E /* Info.plist */ = {isa = PBXFileReference; lastKnownFileType = text.plist.xml; path = Info.plist; sourceTree = "<group>"; };
		A11DFAD92367610C0096418E /* Functions.swift */ = {isa = PBXFileReference; lastKnownFileType = sourcecode.swift; path = Functions.swift; sourceTree = "<group>"; };
		A11DFADB2367611A0096418E /* UIFunctions.swift */ = {isa = PBXFileReference; lastKnownFileType = sourcecode.swift; path = UIFunctions.swift; sourceTree = "<group>"; };
/* End PBXFileReference section */

/* Begin PBXFrameworksBuildPhase section */
		A11DFAB1236760F00096418E /* Frameworks */ = {
			isa = PBXFrameworksBuildPhase;
			buildActionMask = 2147483647;
			files = (
			);
			runOnlyForDeploymentPostprocessing = 0;
		};
/* End PBXFrameworksBuildPhase section */

/* Begin PBXGroup section */
		A11DFAAB236760F00096418E = {
			isa = PBXGroup;
			children = (
				A11DFAB6236760F00096418E /* FunctionalUI */,
				A11DFAB5236760F00096418E /* Products */,
			);
			sourceTree = "<group>";
		};
		A11DFAB5236760F00096418E /* Products */ = {
			isa = PBXGroup;
			children = (
				A11DFAB4236760F00096418E /* FunctionalUI.app */,
			);
			name = Products;
			sourceTree = "<group>";
		};
		A11DFAB6236760F00096418E /* FunctionalUI */ = {
			isa = PBXGroup;
			children = (
				A11DFAB7236760F00096418E /* AppDelegate.swift */,
				A11DFAB9236760F00096418E /* SceneDelegate.swift */,
				A11DFABB236760F00096418E /* ViewController.swift */,
				A11DFAD92367610C0096418E /* Functions.swift */,
				A11DFADB2367611A0096418E /* UIFunctions.swift */,
				A11DFABD236760F00096418E /* Main.storyboard */,
				A11DFAC0236760F40096418E /* Assets.xcassets */,
				A11DFAC2236760F40096418E /* LaunchScreen.storyboard */,
				A11DFAC5236760F40096418E /* Info.plist */,
			);
			path = FunctionalUI;
			sourceTree = "<group>";
		};
/* End PBXGroup section */

/* Begin PBXNativeTarget section */
		A11DFAB3236760F00096418E /* FunctionalUI */ = {
			isa = PBXNativeTarget;
			buildConfigurationList = A11DFAD3236760F40096418E /* Build configuration list for PBXNativeTarget "FunctionalUI" */;
			buildPhases = (
				A11DFAB0236760F00096418E /* Sources */,
				A11DFAB1236760F00096418E /* Frameworks */,
				A11DFAB2236760F00096418E /* Resources */,
			);
			buildRules = (
			);
			dependencies = (
			);
			name = FunctionalUI;
			productName = FunctionalUI;
			productReference = A11DFAB4236760F00096418E /* FunctionalUI.app */;
			productType = "com.apple.product-type.application";
		};
/* End PBXNativeTarget section */

/* Begin PBXProject section */
		A11DFAAC236760F00096418E /* Project object */ = {
			isa = PBXProject;
			attributes = {
				LastSwiftUpdateCheck = 1110;
				LastUpgradeCheck = 1110;
				ORGANIZATIONNAME = iamchiwon;
				TargetAttributes = {
					A11DFAB3236760F00096418E = {
						CreatedOnToolsVersion = 11.1;
					};
				};
			};
			buildConfigurationList = A11DFAAF236760F00096418E /* Build configuration list for PBXProject "FunctionalUI" */;
			compatibilityVersion = "Xcode 9.3";
			developmentRegion = en;
			hasScannedForEncodings = 0;
			knownRegions = (
				en,
				Base,
			);
			mainGroup = A11DFAAB236760F00096418E;
			productRefGroup = A11DFAB5236760F00096418E /* Products */;
			projectDirPath = "";
			projectRoot = "";
			targets = (
				A11DFAB3236760F00096418E /* FunctionalUI */,
			);
		};
/* End PBXProject section */

/* Begin PBXResourcesBuildPhase section */
		A11DFAB2236760F00096418E /* Resources */ = {
			isa = PBXResourcesBuildPhase;
			buildActionMask = 2147483647;
			files = (
				A11DFAC4236760F40096418E /* LaunchScreen.storyboard in Resources */,
				A11DFAC1236760F40096418E /* Assets.xcassets in Resources */,
				A11DFABF236760F00096418E /* Main.storyboard in Resources */,
			);
			runOnlyForDeploymentPostprocessing = 0;
		};
/* End PBXResourcesBuildPhase section */

/* Begin PBXSourcesBuildPhase section */
		A11DFAB0236760F00096418E /* Sources */ = {
			isa = PBXSourcesBuildPhase;
			buildActionMask = 2147483647;
			files = (
				A11DFADC2367611A0096418E /* UIFunctions.swift in Sources */,
				A11DFABC236760F00096418E /* ViewController.swift in Sources */,
				A11DFAB8236760F00096418E /* AppDelegate.swift in Sources */,
				A11DFABA236760F00096418E /* SceneDelegate.swift in Sources */,
				A11DFADA2367610C0096418E /* Functions.swift in Sources */,
			);
			runOnlyForDeploymentPostprocessing = 0;
		};
/* End PBXSourcesBuildPhase section */

/* Begin PBXVariantGroup section */
		A11DFABD236760F00096418E /* Main.storyboard */ = {
			isa = PBXVariantGroup;
			children = (
				A11DFABE236760F00096418E /* Base */,
			);
			name = Main.storyboard;
			sourceTree = "<group>";
		};
		A11DFAC2236760F40096418E /* LaunchScreen.storyboard */ = {
			isa = PBXVariantGroup;
			children = (
				A11DFAC3236760F40096418E /* Base */,
			);
			name = LaunchScreen.storyboard;
			sourceTree = "<group>";
		};
/* End PBXVariantGroup section */

/* Begin XCBuildConfiguration section */
		A11DFAD1236760F40096418E /* Debug */ = {
			isa = XCBuildConfiguration;
			buildSettings = {
				ALWAYS_SEARCH_USER_PATHS = NO;
				CLANG_ANALYZER_NONNULL = YES;
				CLANG_ANALYZER_NUMBER_OBJECT_CONVERSION = YES_AGGRESSIVE;
				CLANG_CXX_LANGUAGE_STANDARD = "gnu++14";
				CLANG_CXX_LIBRARY = "libc++";
				CLANG_ENABLE_MODULES = YES;
				CLANG_ENABLE_OBJC_ARC = YES;
				CLANG_ENABLE_OBJC_WEAK = YES;
				CLANG_WARN_BLOCK_CAPTURE_AUTORELEASING = YES;
				CLANG_WARN_BOOL_CONVERSION = YES;
				CLANG_WARN_COMMA = YES;
				CLANG_WARN_CONSTANT_CONVERSION = YES;
				CLANG_WARN_DEPRECATED_OBJC_IMPLEMENTATIONS = YES;
				CLANG_WARN_DIRECT_OBJC_ISA_USAGE = YES_ERROR;
				CLANG_WARN_DOCUMENTATION_COMMENTS = YES;
				CLANG_WARN_EMPTY_BODY = YES;
				CLANG_WARN_ENUM_CONVERSION = YES;
				CLANG_WARN_INFINITE_RECURSION = YES;
				CLANG_WARN_INT_CONVERSION = YES;
				CLANG_WARN_NON_LITERAL_NULL_CONVERSION = YES;
				CLANG_WARN_OBJC_IMPLICIT_RETAIN_SELF = YES;
				CLANG_WARN_OBJC_LITERAL_CONVERSION = YES;
				CLANG_WARN_OBJC_ROOT_CLASS = YES_ERROR;
				CLANG_WARN_RANGE_LOOP_ANALYSIS = YES;
				CLANG_WARN_STRICT_PROTOTYPES = YES;
				CLANG_WARN_SUSPICIOUS_MOVE = YES;
				CLANG_WARN_UNGUARDED_AVAILABILITY = YES_AGGRESSIVE;
				CLANG_WARN_UNREACHABLE_CODE = YES;
				CLANG_WARN__DUPLICATE_METHOD_MATCH = YES;
				COPY_PHASE_STRIP = NO;
				DEBUG_INFORMATION_FORMAT = dwarf;
				ENABLE_STRICT_OBJC_MSGSEND = YES;
				ENABLE_TESTABILITY = YES;
				GCC_C_LANGUAGE_STANDARD = gnu11;
				GCC_DYNAMIC_NO_PIC = NO;
				GCC_NO_COMMON_BLOCKS = YES;
				GCC_OPTIMIZATION_LEVEL = 0;
				GCC_PREPROCESSOR_DEFINITIONS = (
					"DEBUG=1",
					"$(inherited)",
				);
				GCC_WARN_64_TO_32_BIT_CONVERSION = YES;
				GCC_WARN_ABOUT_RETURN_TYPE = YES_ERROR;
				GCC_WARN_UNDECLARED_SELECTOR = YES;
				GCC_WARN_UNINITIALIZED_AUTOS = YES_AGGRESSIVE;
				GCC_WARN_UNUSED_FUNCTION = YES;
				GCC_WARN_UNUSED_VARIABLE = YES;
				IPHONEOS_DEPLOYMENT_TARGET = 13.1;
				MTL_ENABLE_DEBUG_INFO = INCLUDE_SOURCE;
				MTL_FAST_MATH = YES;
				ONLY_ACTIVE_ARCH = YES;
				SDKROOT = iphoneos;
				SWIFT_ACTIVE_COMPILATION_CONDITIONS = DEBUG;
				SWIFT_OPTIMIZATION_LEVEL = "-Onone";
			};
			name = Debug;
		};
		A11DFAD2236760F40096418E /* Release */ = {
			isa = XCBuildConfiguration;
			buildSettings = {
				ALWAYS_SEARCH_USER_PATHS = NO;
				CLANG_ANALYZER_NONNULL = YES;
				CLANG_ANALYZER_NUMBER_OBJECT_CONVERSION = YES_AGGRESSIVE;
				CLANG_CXX_LANGUAGE_STANDARD = "gnu++14";
				CLANG_CXX_LIBRARY = "libc++";
				CLANG_ENABLE_MODULES = YES;
				CLANG_ENABLE_OBJC_ARC = YES;
				CLANG_ENABLE_OBJC_WEAK = YES;
				CLANG_WARN_BLOCK_CAPTURE_AUTORELEASING = YES;
				CLANG_WARN_BOOL_CONVERSION = YES;
				CLANG_WARN_COMMA = YES;
				CLANG_WARN_CONSTANT_CONVERSION = YES;
				CLANG_WARN_DEPRECATED_OBJC_IMPLEMENTATIONS = YES;
				CLANG_WARN_DIRECT_OBJC_ISA_USAGE = YES_ERROR;
				CLANG_WARN_DOCUMENTATION_COMMENTS = YES;
				CLANG_WARN_EMPTY_BODY = YES;
				CLANG_WARN_ENUM_CONVERSION = YES;
				CLANG_WARN_INFINITE_RECURSION = YES;
				CLANG_WARN_INT_CONVERSION = YES;
				CLANG_WARN_NON_LITERAL_NULL_CONVERSION = YES;
				CLANG_WARN_OBJC_IMPLICIT_RETAIN_SELF = YES;
				CLANG_WARN_OBJC_LITERAL_CONVERSION = YES;
				CLANG_WARN_OBJC_ROOT_CLASS = YES_ERROR;
				CLANG_WARN_RANGE_LOOP_ANALYSIS = YES;
				CLANG_WARN_STRICT_PROTOTYPES = YES;
				CLANG_WARN_SUSPICIOUS_MOVE = YES;
				CLANG_WARN_UNGUARDED_AVAILABILITY = YES_AGGRESSIVE;
				CLANG_WARN_UNREACHABLE_CODE = YES;
				CLANG_WARN__DUPLICATE_METHOD_MATCH = YES;
				COPY_PHASE_STRIP = NO;
				DEBUG_INFORMATION_FORMAT = "dwarf-with-dsym";
				ENABLE_NS_ASSERTIONS = NO;
				ENABLE_STRICT_OBJC_MSGSEND = YES;
				GCC_C_LANGUAGE_STANDARD = gnu11;
				GCC_NO_COMMON_BLOCKS = YES;
				GCC_WARN_64_TO_32_BIT_CONVERSION = YES;
				GCC_WARN_ABOUT_RETURN_TYPE = YES_ERROR;
				GCC_WARN_UNDECLARED_SELECTOR = YES;
				GCC_WARN_UNINITIALIZED_AUTOS = YES_AGGRESSIVE;
				GCC_WARN_UNUSED_FUNCTION = YES;
				GCC_WARN_UNUSED_VARIABLE = YES;
				IPHONEOS_DEPLOYMENT_TARGET = 13.1;
				MTL_ENABLE_DEBUG_INFO = NO;
				MTL_FAST_MATH = YES;
				SDKROOT = iphoneos;
				SWIFT_COMPILATION_MODE = wholemodule;
				SWIFT_OPTIMIZATION_LEVEL = "-O";
				VALIDATE_PRODUCT = YES;
			};
			name = Release;
		};
		A11DFAD4236760F40096418E /* Debug */ = {
			isa = XCBuildConfiguration;
			buildSettings = {
				ASSETCATALOG_COMPILER_APPICON_NAME = AppIcon;
				CODE_SIGN_STYLE = Automatic;
				DEVELOPMENT_TEAM = 77YZ9248DM;
				INFOPLIST_FILE = FunctionalUI/Info.plist;
				LD_RUNPATH_SEARCH_PATHS = (
					"$(inherited)",
					"@executable_path/Frameworks",
				);
				PRODUCT_BUNDLE_IDENTIFIER = in.makecube.FunctionalUI;
				PRODUCT_NAME = "$(TARGET_NAME)";
				SWIFT_VERSION = 5.0;
				TARGETED_DEVICE_FAMILY = "1,2";
			};
			name = Debug;
		};
		A11DFAD5236760F40096418E /* Release */ = {
			isa = XCBuildConfiguration;
			buildSettings = {
				ASSETCATALOG_COMPILER_APPICON_NAME = AppIcon;
				CODE_SIGN_STYLE = Automatic;
				DEVELOPMENT_TEAM = 77YZ9248DM;
				INFOPLIST_FILE = FunctionalUI/Info.plist;
				LD_RUNPATH_SEARCH_PATHS = (
					"$(inherited)",
					"@executable_path/Frameworks",
				);
				PRODUCT_BUNDLE_IDENTIFIER = in.makecube.FunctionalUI;
				PRODUCT_NAME = "$(TARGET_NAME)";
				SWIFT_VERSION = 5.0;
				TARGETED_DEVICE_FAMILY = "1,2";
			};
			name = Release;
		};
/* End XCBuildConfiguration section */

/* Begin XCConfigurationList section */
		A11DFAAF236760F00096418E /* Build configuration list for PBXProject "FunctionalUI" */ = {
			isa = XCConfigurationList;
			buildConfigurations = (
				A11DFAD1236760F40096418E /* Debug */,
				A11DFAD2236760F40096418E /* Release */,
			);
			defaultConfigurationIsVisible = 0;
			defaultConfigurationName = Release;
		};
		A11DFAD3236760F40096418E /* Build configuration list for PBXNativeTarget "FunctionalUI" */ = {
			isa = XCConfigurationList;
			buildConfigurations = (
				A11DFAD4236760F40096418E /* Debug */,
				A11DFAD5236760F40096418E /* Release */,
			);
			defaultConfigurationIsVisible = 0;
			defaultConfigurationName = Release;
		};
/* End XCConfigurationList section */
	};
	rootObject = A11DFAAC236760F00096418E /* Project object */;
}
